
Microsoft Visual Studio Solution File, Format Version 12.00
# Visual Studio Version 16
VisualStudioVersion = 16.0.29806.167
MinimumVisualStudioVersion = 10.0.40219.1
Project("{FAE04EC0-301F-11D3-BF4B-00C04F79EFBC}") = "LMH.FileApi", "LMH.FileApi\LMH.FileApi.csproj", "{2FBE269C-E00A-4BFF-AE41-A0F48DD333C9}"
EndProject
Project("{FAE04EC0-301F-11D3-BF4B-00C04F79EFBC}") = "LMH.FileApiTest", "LMH.FileApiTest\LMH.FileApiTest.csproj", "{5C63054F-32FB-4314-88AE-2F17EF5160C1}"
EndProject
Global
	GlobalSection(SolutionConfigurationPlatforms) = preSolution
		Debug|Any CPU = Debug|Any CPU
		Release|Any CPU = Release|Any CPU
	EndGlobalSection
	GlobalSection(ProjectConfigurationPlatforms) = postSolution
		{2FBE269C-E00A-4BFF-AE41-A0F48DD333C9}.Debug|Any CPU.ActiveCfg = Debug|Any CPU
		{2FBE269C-E00A-4BFF-AE41-A0F48DD333C9}.Debug|Any CPU.Build.0 = Debug|Any CPU
		{2FBE269C-E00A-4BFF-AE41-A0F48DD333C9}.Release|Any CPU.ActiveCfg = Release|Any CPU
		{2FBE269C-E00A-4BFF-AE41-A0F48DD333C9}.Release|Any CPU.Build.0 = Release|Any CPU
		{5C63054F-32FB-4314-88AE-2F17EF5160C1}.Debug|Any CPU.ActiveCfg = Debug|Any CPU
		{5C63054F-32FB-4314-88AE-2F17EF5160C1}.Debug|Any CPU.Build.0 = Debug|Any CPU
		{5C63054F-32FB-4314-88AE-2F17EF5160C1}.Release|Any CPU.ActiveCfg = Release|Any CPU
		{5C63054F-32FB-4314-88AE-2F17EF5160C1}.Release|Any CPU.Build.0 = Release|Any CPU
	EndGlobalSection
	GlobalSection(SolutionProperties) = preSolution
		HideSolutionNode = FALSE
	EndGlobalSection
	GlobalSection(ExtensibilityGlobals) = postSolution
		SolutionGuid = {1F84D5B6-BB1E-4BD4-A685-4F32A063AF9C}
	EndGlobalSection
EndGlobal
